
Microsoft Visual Studio Solution File, Format Version 12.00
# Visual Studio Version 16
VisualStudioVersion = 16.0.29609.76
MinimumVisualStudioVersion = 10.0.40219.1
Project("{FAE04EC0-301F-11D3-BF4B-00C04F79EFBC}") = "Workload", "Workload\Workload.csproj", "{A59F3305-A815-4452-AF6D-9FDAE4CCAA67}"
EndProject
Global
	GlobalSection(SolutionConfigurationPlatforms) = preSolution
		Debug|Any CPU = Debug|Any CPU
		Debug|x64 = Debug|x64
		Release|Any CPU = Release|Any CPU
		Release|x64 = Release|x64
	EndGlobalSection
	GlobalSection(ProjectConfigurationPlatforms) = postSolution
		{A59F3305-A815-4452-AF6D-9FDAE4CCAA67}.Debug|Any CPU.ActiveCfg = Debug|Any CPU
		{A59F3305-A815-4452-AF6D-9FDAE4CCAA67}.Debug|Any CPU.Build.0 = Debug|Any CPU
		{A59F3305-A815-4452-AF6D-9FDAE4CCAA67}.Debug|x64.ActiveCfg = Debug|x64
		{A59F3305-A815-4452-AF6D-9FDAE4CCAA67}.Debug|x64.Build.0 = Debug|x64
		{A59F3305-A815-4452-AF6D-9FDAE4CCAA67}.Release|Any CPU.ActiveCfg = Release|Any CPU
		{A59F3305-A815-4452-AF6D-9FDAE4CCAA67}.Release|Any CPU.Build.0 = Release|Any CPU
		{A59F3305-A815-4452-AF6D-9FDAE4CCAA67}.Release|x64.ActiveCfg = Release|x64
		{A59F3305-A815-4452-AF6D-9FDAE4CCAA67}.Release|x64.Build.0 = Release|x64
	EndGlobalSection
	GlobalSection(SolutionProperties) = preSolution
		HideSolutionNode = FALSE
	EndGlobalSection
	GlobalSection(ExtensibilityGlobals) = postSolution
		SolutionGuid = {68373B5D-FE89-4849-8E0E-37D23C01A3D5}
	EndGlobalSection
EndGlobal
